
Microsoft Visual Studio Solution File, Format Version 12.00
# Visual Studio Version 17
VisualStudioVersion = 17.4.33213.308
MinimumVisualStudioVersion = 10.0.40219.1
Project("{FAE04EC0-301F-11D3-BF4B-00C04F79EFBC}") = "tank", "tank.csproj", "{5C7D35B7-0A3D-4710-91E2-9DDCC496AF6F}"
EndProject
Global
	GlobalSection(SolutionConfigurationPlatforms) = preSolution
		Debug|Any CPU = Debug|Any CPU
		Release|Any CPU = Release|Any CPU
	EndGlobalSection
	GlobalSection(ProjectConfigurationPlatforms) = postSolution
		{5C7D35B7-0A3D-4710-91E2-9DDCC496AF6F}.Debug|Any CPU.ActiveCfg = Debug|Any CPU
		{5C7D35B7-0A3D-4710-91E2-9DDCC496AF6F}.Debug|Any CPU.Build.0 = Debug|Any CPU
		{5C7D35B7-0A3D-4710-91E2-9DDCC496AF6F}.Release|Any CPU.ActiveCfg = Release|Any CPU
		{5C7D35B7-0A3D-4710-91E2-9DDCC496AF6F}.Release|Any CPU.Build.0 = Release|Any CPU
	EndGlobalSection
	GlobalSection(SolutionProperties) = preSolution
		HideSolutionNode = FALSE
	EndGlobalSection
	GlobalSection(ExtensibilityGlobals) = postSolution
		SolutionGuid = {95BD7847-797A-425C-875B-D639B92CFF79}
	EndGlobalSection
EndGlobal
